{
  "name": "nodejs",
  "version": "1.0.0",
  "lockfileVersion": 2,
  "requires": true,
  "packages": {
    "": {
      "name": "nodejs",
      "version": "1.0.0",
      "license": "ISC",
      "dependencies": {
        "@docsearch/react": "^3.9.0",
        "@types/node": "^22.13.11",
        "algoliasearch": "^5.23.4"
      }
    },
    "node_modules/@algolia/autocomplete-core": {
      "version": "1.17.9",
      "resolved": "https://registry.npmjs.org/@algolia/autocomplete-core/-/autocomplete-core-1.17.9.tgz",
      "integrity": "sha512-O7BxrpLDPJWWHv/DLA9DRFWs+iY1uOJZkqUwjS5HSZAGcl0hIVCQ97LTLewiZmZ402JYUrun+8NqFP+hCknlbQ==",
      "license": "MIT",
      "dependencies": {
        "@algolia/autocomplete-plugin-algolia-insights": "1.17.9",
        "@algolia/autocomplete-shared": "1.17.9"
      }
    },
    "node_modules/@algolia/autocomplete-plugin-algolia-insights": {
      "version": "1.17.9",
      "resolved": "https://registry.npmjs.org/@algolia/autocomplete-plugin-algolia-insights/-/autocomplete-plugin-algolia-insights-1.17.9.tgz",
      "integrity": "sha512-u1fEHkCbWF92DBeB/KHeMacsjsoI0wFhjZtlCq2ddZbAehshbZST6Hs0Avkc0s+4UyBGbMDnSuXHLuvRWK5iDQ==",
      "license": "MIT",
      "dependencies": {
        "@algolia/autocomplete-shared": "1.17.9"
      },
      "peerDependencies": {
        "search-insights": ">= 1 < 3"
      }
    },
    "node_modules/@algolia/autocomplete-preset-algolia": {
      "version": "1.17.9",
      "resolved": "https://registry.npmjs.org/@algolia/autocomplete-preset-algolia/-/autocomplete-preset-algolia-1.17.9.tgz",
      "integrity": "sha512-Na1OuceSJeg8j7ZWn5ssMu/Ax3amtOwk76u4h5J4eK2Nx2KB5qt0Z4cOapCsxot9VcEN11ADV5aUSlQF4RhGjQ==",
      "license": "MIT",
      "dependencies": {
        "@algolia/autocomplete-shared": "1.17.9"
      },
      "peerDependencies": {
        "@algolia/client-search": ">= 4.9.1 < 6",
        "algoliasearch": ">= 4.9.1 < 6"
      }
    },
    "node_modules/@algolia/autocomplete-shared": {
      "version": "1.17.9",
      "resolved": "https://registry.npmjs.org/@algolia/autocomplete-shared/-/autocomplete-shared-1.17.9.tgz",
      "integrity": "sha512-iDf05JDQ7I0b7JEA/9IektxN/80a2MZ1ToohfmNS3rfeuQnIKI3IJlIafD0xu4StbtQTghx9T3Maa97ytkXenQ==",
      "license": "MIT",
      "peerDependencies": {
        "@algolia/client-search": ">= 4.9.1 < 6",
        "algoliasearch": ">= 4.9.1 < 6"
      }
    },
    "node_modules/@algolia/client-abtesting": {
      "version": "5.23.4",
      "resolved": "https://registry.npmjs.org/@algolia/client-abtesting/-/client-abtesting-5.23.4.tgz",
      "integrity": "sha512-WIMT2Kxy+FFWXWQxIU8QgbTioL+SGE24zhpj0kipG4uQbzXwONaWt7ffaYLjfge3gcGSgJVv+1VlahVckafluQ==",
      "license": "MIT",
      "dependencies": {
        "@algolia/client-common": "5.23.4",
        "@algolia/requester-browser-xhr": "5.23.4",
        "@algolia/requester-fetch": "5.23.4",
        "@algolia/requester-node-http": "5.23.4"
      },
      "engines": {
        "node": ">= 14.0.0"
      }
    },
    "node_modules/@algolia/client-analytics": {
      "version": "5.23.4",
      "resolved": "https://registry.npmjs.org/@algolia/client-analytics/-/client-analytics-5.23.4.tgz",
      "integrity": "sha512-4B9gChENsQA9kFmFlb+x3YhBz2Gx3vSsm81FHI1yJ3fn2zlxREHmfrjyqYoMunsU7BybT/o5Nb7ccCbm/vfseA==",
      "license": "MIT",
      "dependencies": {
        "@algolia/client-common": "5.23.4",
        "@algolia/requester-browser-xhr": "5.23.4",
        "@algolia/requester-fetch": "5.23.4",
        "@algolia/requester-node-http": "5.23.4"
      },
      "engines": {
        "node": ">= 14.0.0"
      }
    },
    "node_modules/@algolia/client-common": {
      "version": "5.23.4",
      "resolved": "https://registry.npmjs.org/@algolia/client-common/-/client-common-5.23.4.tgz",
      "integrity": "sha512-bsj0lwU2ytiWLtl7sPunr+oLe+0YJql9FozJln5BnIiqfKOaseSDdV42060vUy+D4373f2XBI009K/rm2IXYMA==",
      "license": "MIT",
      "engines": {
        "node": ">= 14.0.0"
      }
    },
    "node_modules/@algolia/client-insights": {
      "version": "5.23.4",
      "resolved": "https://registry.npmjs.org/@algolia/client-insights/-/client-insights-5.23.4.tgz",
      "integrity": "sha512-XSCtAYvJ/hnfDHfRVMbBH0dayR+2ofVZy3jf5qyifjguC6rwxDsSdQvXpT0QFVyG+h8UPGtDhMPoUIng4wIcZA==",
      "license": "MIT",
      "dependencies": {
        "@algolia/client-common": "5.23.4",
        "@algolia/requester-browser-xhr": "5.23.4",
        "@algolia/requester-fetch": "5.23.4",
        "@algolia/requester-node-http": "5.23.4"
      },
      "engines": {
        "node": ">= 14.0.0"
      }
    },
    "node_modules/@algolia/client-personalization": {
      "version": "5.23.4",
      "resolved": "https://registry.npmjs.org/@algolia/client-personalization/-/client-personalization-5.23.4.tgz",
      "integrity": "sha512-l/0QvqgRFFOf7BnKSJ3myd1WbDr86ftVaa3PQwlsNh7IpIHmvVcT83Bi5zlORozVGMwaKfyPZo6O48PZELsOeA==",
      "license": "MIT",
      "dependencies": {
        "@algolia/client-common": "5.23.4",
        "@algolia/requester-browser-xhr": "5.23.4",
        "@algolia/requester-fetch": "5.23.4",
        "@algolia/requester-node-http": "5.23.4"
      },
      "engines": {
        "node": ">= 14.0.0"
      }
    },
    "node_modules/@algolia/client-query-suggestions": {
      "version": "5.23.4",
      "resolved": "https://registry.npmjs.org/@algolia/client-query-suggestions/-/client-query-suggestions-5.23.4.tgz",
      "integrity": "sha512-TB0htrDgVacVGtPDyENoM6VIeYqR+pMsDovW94dfi2JoaRxfqu/tYmLpvgWcOknP6wLbr8bA+G7t/NiGksNAwQ==",
      "license": "MIT",
      "dependencies": {
        "@algolia/client-common": "5.23.4",
        "@algolia/requester-browser-xhr": "5.23.4",
        "@algolia/requester-fetch": "5.23.4",
        "@algolia/requester-node-http": "5.23.4"
      },
      "engines": {
        "node": ">= 14.0.0"
      }
    },
    "node_modules/@algolia/client-search": {
      "version": "5.23.4",
      "resolved": "https://registry.npmjs.org/@algolia/client-search/-/client-search-5.23.4.tgz",
      "integrity": "sha512-uBGo6KwUP6z+u6HZWRui8UJClS7fgUIAiYd1prUqCbkzDiCngTOzxaJbEvrdkK0hGCQtnPDiuNhC5MhtVNN4Eg==",
      "license": "MIT",
      "dependencies": {
        "@algolia/client-common": "5.23.4",
        "@algolia/requester-browser-xhr": "5.23.4",
        "@algolia/requester-fetch": "5.23.4",
        "@algolia/requester-node-http": "5.23.4"
      },
      "engines": {
        "node": ">= 14.0.0"
      }
    },
    "node_modules/@algolia/ingestion": {
      "version": "1.23.4",
      "resolved": "https://registry.npmjs.org/@algolia/ingestion/-/ingestion-1.23.4.tgz",
      "integrity": "sha512-Si6rFuGnSeEUPU9QchYvbknvEIyCRK7nkeaPVQdZpABU7m4V/tsiWdHmjVodtx3h20VZivJdHeQO9XbHxBOcCw==",
      "license": "MIT",
      "dependencies": {
        "@algolia/client-common": "5.23.4",
        "@algolia/requester-browser-xhr": "5.23.4",
        "@algolia/requester-fetch": "5.23.4",
        "@algolia/requester-node-http": "5.23.4"
      },
      "engines": {
        "node": ">= 14.0.0"
      }
    },
    "node_modules/@algolia/monitoring": {
      "version": "1.23.4",
      "resolved": "https://registry.npmjs.org/@algolia/monitoring/-/monitoring-1.23.4.tgz",
      "integrity": "sha512-EXGoVVTshraqPJgr5cMd1fq7Jm71Ew6MpGCEaxI5PErBpJAmKdtjRIzs6JOGKHRaWLi+jdbJPYc2y8RN4qcx5Q==",
      "license": "MIT",
      "dependencies": {
        "@algolia/client-common": "5.23.4",
        "@algolia/requester-browser-xhr": "5.23.4",
        "@algolia/requester-fetch": "5.23.4",
        "@algolia/requester-node-http": "5.23.4"
      },
      "engines": {
        "node": ">= 14.0.0"
      }
    },
    "node_modules/@algolia/recommend": {
      "version": "5.23.4",
      "resolved": "https://registry.npmjs.org/@algolia/recommend/-/recommend-5.23.4.tgz",
      "integrity": "sha512-1t6glwKVCkjvBNlng2itTf8fwaLSqkL4JaMENgR3WTGR8mmW2akocUy/ZYSQcG4TcR7qu4zW2UMGAwLoWoflgQ==",
      "license": "MIT",
      "dependencies": {
        "@algolia/client-common": "5.23.4",
        "@algolia/requester-browser-xhr": "5.23.4",
        "@algolia/requester-fetch": "5.23.4",
        "@algolia/requester-node-http": "5.23.4"
      },
      "engines": {
        "node": ">= 14.0.0"
      }
    },
    "node_modules/@algolia/requester-browser-xhr": {
      "version": "5.23.4",
      "resolved": "https://registry.npmjs.org/@algolia/requester-browser-xhr/-/requester-browser-xhr-5.23.4.tgz",
      "integrity": "sha512-UUuizcgc5+VSY8hqzDFVdJ3Wcto03lpbFRGPgW12pHTlUQHUTADtIpIhkLLOZRCjXmCVhtr97Z+eR6LcRYXa3Q==",
      "license": "MIT",
      "dependencies": {
        "@algolia/client-common": "5.23.4"
      },
      "engines": {
        "node": ">= 14.0.0"
      }
    },
    "node_modules/@algolia/requester-fetch": {
      "version": "5.23.4",
      "resolved": "https://registry.npmjs.org/@algolia/requester-fetch/-/requester-fetch-5.23.4.tgz",
      "integrity": "sha512-UhDg6elsek6NnV5z4VG1qMwR6vbp+rTMBEnl/v4hUyXQazU+CNdYkl++cpdmLwGI/7nXc28xtZiL90Es3I7viQ==",
      "license": "MIT",
      "dependencies": {
        "@algolia/client-common": "5.23.4"
      },
      "engines": {
        "node": ">= 14.0.0"
      }
    },
    "node_modules/@algolia/requester-node-http": {
      "version": "5.23.4",
      "resolved": "https://registry.npmjs.org/@algolia/requester-node-http/-/requester-node-http-5.23.4.tgz",
      "integrity": "sha512-jXGzGBRUS0oywQwnaCA6mMDJO7LoC3dYSLsyNfIqxDR4SNGLhtg3je0Y31lc24OA4nYyKAYgVLtjfrpcpsWShg==",
      "license": "MIT",
      "dependencies": {
        "@algolia/client-common": "5.23.4"
      },
      "engines": {
        "node": ">= 14.0.0"
      }
    },
    "node_modules/@docsearch/css": {
      "version": "3.9.0",
      "resolved": "https://registry.npmjs.org/@docsearch/css/-/css-3.9.0.tgz",
      "integrity": "sha512-cQbnVbq0rrBwNAKegIac/t6a8nWoUAn8frnkLFW6YARaRmAQr5/Eoe6Ln2fqkUCZ40KpdrKbpSAmgrkviOxuWA==",
      "license": "MIT"
    },
    "node_modules/@docsearch/react": {
      "version": "3.9.0",
      "resolved": "https://registry.npmjs.org/@docsearch/react/-/react-3.9.0.tgz",
      "integrity": "sha512-mb5FOZYZIkRQ6s/NWnM98k879vu5pscWqTLubLFBO87igYYT4VzVazh4h5o/zCvTIZgEt3PvsCOMOswOUo9yHQ==",
      "license": "MIT",
      "dependencies": {
        "@algolia/autocomplete-core": "1.17.9",
        "@algolia/autocomplete-preset-algolia": "1.17.9",
        "@docsearch/css": "3.9.0",
        "algoliasearch": "^5.14.2"
      },
      "peerDependencies": {
        "@types/react": ">= 16.8.0 < 20.0.0",
        "react": ">= 16.8.0 < 20.0.0",
        "react-dom": ">= 16.8.0 < 20.0.0",
        "search-insights": ">= 1 < 3"
      },
      "peerDependenciesMeta": {
        "@types/react": {
          "optional": true
        },
        "react": {
          "optional": true
        },
        "react-dom": {
          "optional": true
        },
        "search-insights": {
          "optional": true
        }
      }
    },
    "node_modules/@types/node": {
      "version": "22.13.11",
      "resolved": "https://registry.npmjs.org/@types/node/-/node-22.13.11.tgz",
      "integrity": "sha512-iEUCUJoU0i3VnrCmgoWCXttklWcvoCIx4jzcP22fioIVSdTmjgoEvmAO/QPw6TcS9k5FrNgn4w7q5lGOd1CT5g==",
      "license": "MIT",
      "dependencies": {
        "undici-types": "~6.20.0"
      }
    },
    "node_modules/algoliasearch": {
      "version": "5.23.4",
      "resolved": "https://registry.npmjs.org/algoliasearch/-/algoliasearch-5.23.4.tgz",
      "integrity": "sha512-QzAKFHl3fm53s44VHrTdEo0TkpL3XVUYQpnZy1r6/EHvMAyIg+O4hwprzlsNmcCHTNyVcF2S13DAUn7XhkC6qg==",
      "license": "MIT",
      "dependencies": {
        "@algolia/client-abtesting": "5.23.4",
        "@algolia/client-analytics": "5.23.4",
        "@algolia/client-common": "5.23.4",
        "@algolia/client-insights": "5.23.4",
        "@algolia/client-personalization": "5.23.4",
        "@algolia/client-query-suggestions": "5.23.4",
        "@algolia/client-search": "5.23.4",
        "@algolia/ingestion": "1.23.4",
        "@algolia/monitoring": "1.23.4",
        "@algolia/recommend": "5.23.4",
        "@algolia/requester-browser-xhr": "5.23.4",
        "@algolia/requester-fetch": "5.23.4",
        "@algolia/requester-node-http": "5.23.4"
      },
      "engines": {
        "node": ">= 14.0.0"
      }
    },
    "node_modules/search-insights": {
      "version": "2.17.3",
      "resolved": "https://registry.npmjs.org/search-insights/-/search-insights-2.17.3.tgz",
      "integrity": "sha512-RQPdCYTa8A68uM2jwxoY842xDhvx3E5LFL1LxvxCNMev4o5mLuokczhzjAgGwUZBAmOKZknArSxLKmXtIi2AxQ==",
      "license": "MIT",
      "peer": true
    },
    "node_modules/undici-types": {
      "version": "6.20.0",
      "resolved": "https://registry.npmjs.org/undici-types/-/undici-types-6.20.0.tgz",
      "integrity": "sha512-Ny6QZ2Nju20vw1SRHe3d9jVu6gJ+4e3+MMpqu7pqE5HT6WsTSlce++GQmK5UXS8mzV8DSYHrQH+Xrf2jVcuKNg==",
      "license": "MIT"
    }
  },
  "dependencies": {
    "@algolia/autocomplete-core": {
      "version": "1.17.9",
      "resolved": "https://registry.npmjs.org/@algolia/autocomplete-core/-/autocomplete-core-1.17.9.tgz",
      "integrity": "sha512-O7BxrpLDPJWWHv/DLA9DRFWs+iY1uOJZkqUwjS5HSZAGcl0hIVCQ97LTLewiZmZ402JYUrun+8NqFP+hCknlbQ==",
      "requires": {
        "@algolia/autocomplete-plugin-algolia-insights": "1.17.9",
        "@algolia/autocomplete-shared": "1.17.9"
      }
    },
    "@algolia/autocomplete-plugin-algolia-insights": {
      "version": "1.17.9",
      "resolved": "https://registry.npmjs.org/@algolia/autocomplete-plugin-algolia-insights/-/autocomplete-plugin-algolia-insights-1.17.9.tgz",
      "integrity": "sha512-u1fEHkCbWF92DBeB/KHeMacsjsoI0wFhjZtlCq2ddZbAehshbZST6Hs0Avkc0s+4UyBGbMDnSuXHLuvRWK5iDQ==",
      "requires": {
        "@algolia/autocomplete-shared": "1.17.9"
      }
    },
    "@algolia/autocomplete-preset-algolia": {
      "version": "1.17.9",
      "resolved": "https://registry.npmjs.org/@algolia/autocomplete-preset-algolia/-/autocomplete-preset-algolia-1.17.9.tgz",
      "integrity": "sha512-Na1OuceSJeg8j7ZWn5ssMu/Ax3amtOwk76u4h5J4eK2Nx2KB5qt0Z4cOapCsxot9VcEN11ADV5aUSlQF4RhGjQ==",
      "requires": {
        "@algolia/autocomplete-shared": "1.17.9"
      }
    },
    "@algolia/autocomplete-shared": {
      "version": "1.17.9",
      "resolved": "https://registry.npmjs.org/@algolia/autocomplete-shared/-/autocomplete-shared-1.17.9.tgz",
      "integrity": "sha512-iDf05JDQ7I0b7JEA/9IektxN/80a2MZ1ToohfmNS3rfeuQnIKI3IJlIafD0xu4StbtQTghx9T3Maa97ytkXenQ==",
      "requires": {}
    },
    "@algolia/client-abtesting": {
      "version": "5.23.4",
      "resolved": "https://registry.npmjs.org/@algolia/client-abtesting/-/client-abtesting-5.23.4.tgz",
      "integrity": "sha512-WIMT2Kxy+FFWXWQxIU8QgbTioL+SGE24zhpj0kipG4uQbzXwONaWt7ffaYLjfge3gcGSgJVv+1VlahVckafluQ==",
      "requires": {
        "@algolia/client-common": "5.23.4",
        "@algolia/requester-browser-xhr": "5.23.4",
        "@algolia/requester-fetch": "5.23.4",
        "@algolia/requester-node-http": "5.23.4"
      }
    },
    "@algolia/client-analytics": {
      "version": "5.23.4",
      "resolved": "https://registry.npmjs.org/@algolia/client-analytics/-/client-analytics-5.23.4.tgz",
      "integrity": "sha512-4B9gChENsQA9kFmFlb+x3YhBz2Gx3vSsm81FHI1yJ3fn2zlxREHmfrjyqYoMunsU7BybT/o5Nb7ccCbm/vfseA==",
      "requires": {
        "@algolia/client-common": "5.23.4",
        "@algolia/requester-browser-xhr": "5.23.4",
        "@algolia/requester-fetch": "5.23.4",
        "@algolia/requester-node-http": "5.23.4"
      }
    },
    "@algolia/client-common": {
      "version": "5.23.4",
      "resolved": "https://registry.npmjs.org/@algolia/client-common/-/client-common-5.23.4.tgz",
      "integrity": "sha512-bsj0lwU2ytiWLtl7sPunr+oLe+0YJql9FozJln5BnIiqfKOaseSDdV42060vUy+D4373f2XBI009K/rm2IXYMA=="
    },
    "@algolia/client-insights": {
      "version": "5.23.4",
      "resolved": "https://registry.npmjs.org/@algolia/client-insights/-/client-insights-5.23.4.tgz",
      "integrity": "sha512-XSCtAYvJ/hnfDHfRVMbBH0dayR+2ofVZy3jf5qyifjguC6rwxDsSdQvXpT0QFVyG+h8UPGtDhMPoUIng4wIcZA==",
      "requires": {
        "@algolia/client-common": "5.23.4",
        "@algolia/requester-browser-xhr": "5.23.4",
        "@algolia/requester-fetch": "5.23.4",
        "@algolia/requester-node-http": "5.23.4"
      }
    },
    "@algolia/client-personalization": {
      "version": "5.23.4",
      "resolved": "https://registry.npmjs.org/@algolia/client-personalization/-/client-personalization-5.23.4.tgz",
      "integrity": "sha512-l/0QvqgRFFOf7BnKSJ3myd1WbDr86ftVaa3PQwlsNh7IpIHmvVcT83Bi5zlORozVGMwaKfyPZo6O48PZELsOeA==",
      "requires": {
        "@algolia/client-common": "5.23.4",
        "@algolia/requester-browser-xhr": "5.23.4",
        "@algolia/requester-fetch": "5.23.4",
        "@algolia/requester-node-http": "5.23.4"
      }
    },
    "@algolia/client-query-suggestions": {
      "version": "5.23.4",
      "resolved": "https://registry.npmjs.org/@algolia/client-query-suggestions/-/client-query-suggestions-5.23.4.tgz",
      "integrity": "sha512-TB0htrDgVacVGtPDyENoM6VIeYqR+pMsDovW94dfi2JoaRxfqu/tYmLpvgWcOknP6wLbr8bA+G7t/NiGksNAwQ==",
      "requires": {
        "@algolia/client-common": "5.23.4",
        "@algolia/requester-browser-xhr": "5.23.4",
        "@algolia/requester-fetch": "5.23.4",
        "@algolia/requester-node-http": "5.23.4"
      }
    },
    "@algolia/client-search": {
      "version": "5.23.4",
      "resolved": "https://registry.npmjs.org/@algolia/client-search/-/client-search-5.23.4.tgz",
      "integrity": "sha512-uBGo6KwUP6z+u6HZWRui8UJClS7fgUIAiYd1prUqCbkzDiCngTOzxaJbEvrdkK0hGCQtnPDiuNhC5MhtVNN4Eg==",
      "requires": {
        "@algolia/client-common": "5.23.4",
        "@algolia/requester-browser-xhr": "5.23.4",
        "@algolia/requester-fetch": "5.23.4",
        "@algolia/requester-node-http": "5.23.4"
      }
    },
    "@algolia/ingestion": {
      "version": "1.23.4",
      "resolved": "https://registry.npmjs.org/@algolia/ingestion/-/ingestion-1.23.4.tgz",
      "integrity": "sha512-Si6rFuGnSeEUPU9QchYvbknvEIyCRK7nkeaPVQdZpABU7m4V/tsiWdHmjVodtx3h20VZivJdHeQO9XbHxBOcCw==",
      "requires": {
        "@algolia/client-common": "5.23.4",
        "@algolia/requester-browser-xhr": "5.23.4",
        "@algolia/requester-fetch": "5.23.4",
        "@algolia/requester-node-http": "5.23.4"
      }
    },
    "@algolia/monitoring": {
      "version": "1.23.4",
      "resolved": "https://registry.npmjs.org/@algolia/monitoring/-/monitoring-1.23.4.tgz",
      "integrity": "sha512-EXGoVVTshraqPJgr5cMd1fq7Jm71Ew6MpGCEaxI5PErBpJAmKdtjRIzs6JOGKHRaWLi+jdbJPYc2y8RN4qcx5Q==",
      "requires": {
        "@algolia/client-common": "5.23.4",
        "@algolia/requester-browser-xhr": "5.23.4",
        "@algolia/requester-fetch": "5.23.4",
        "@algolia/requester-node-http": "5.23.4"
      }
    },
    "@algolia/recommend": {
      "version": "5.23.4",
      "resolved": "https://registry.npmjs.org/@algolia/recommend/-/recommend-5.23.4.tgz",
      "integrity": "sha512-1t6glwKVCkjvBNlng2itTf8fwaLSqkL4JaMENgR3WTGR8mmW2akocUy/ZYSQcG4TcR7qu4zW2UMGAwLoWoflgQ==",
      "requires": {
        "@algolia/client-common": "5.23.4",
        "@algolia/requester-browser-xhr": "5.23.4",
        "@algolia/requester-fetch": "5.23.4",
        "@algolia/requester-node-http": "5.23.4"
      }
    },
    "@algolia/requester-browser-xhr": {
      "version": "5.23.4",
      "resolved": "https://registry.npmjs.org/@algolia/requester-browser-xhr/-/requester-browser-xhr-5.23.4.tgz",
      "integrity": "sha512-UUuizcgc5+VSY8hqzDFVdJ3Wcto03lpbFRGPgW12pHTlUQHUTADtIpIhkLLOZRCjXmCVhtr97Z+eR6LcRYXa3Q==",
      "requires": {
        "@algolia/client-common": "5.23.4"
      }
    },
    "@algolia/requester-fetch": {
      "version": "5.23.4",
      "resolved": "https://registry.npmjs.org/@algolia/requester-fetch/-/requester-fetch-5.23.4.tgz",
      "integrity": "sha512-UhDg6elsek6NnV5z4VG1qMwR6vbp+rTMBEnl/v4hUyXQazU+CNdYkl++cpdmLwGI/7nXc28xtZiL90Es3I7viQ==",
      "requires": {
        "@algolia/client-common": "5.23.4"
      }
    },
    "@algolia/requester-node-http": {
      "version": "5.23.4",
      "resolved": "https://registry.npmjs.org/@algolia/requester-node-http/-/requester-node-http-5.23.4.tgz",
      "integrity": "sha512-jXGzGBRUS0oywQwnaCA6mMDJO7LoC3dYSLsyNfIqxDR4SNGLhtg3je0Y31lc24OA4nYyKAYgVLtjfrpcpsWShg==",
      "requires": {
        "@algolia/client-common": "5.23.4"
      }
    },
    "@docsearch/css": {
      "version": "3.9.0",
      "resolved": "https://registry.npmjs.org/@docsearch/css/-/css-3.9.0.tgz",
      "integrity": "sha512-cQbnVbq0rrBwNAKegIac/t6a8nWoUAn8frnkLFW6YARaRmAQr5/Eoe6Ln2fqkUCZ40KpdrKbpSAmgrkviOxuWA=="
    },
    "@docsearch/react": {
      "version": "3.9.0",
      "resolved": "https://registry.npmjs.org/@docsearch/react/-/react-3.9.0.tgz",
      "integrity": "sha512-mb5FOZYZIkRQ6s/NWnM98k879vu5pscWqTLubLFBO87igYYT4VzVazh4h5o/zCvTIZgEt3PvsCOMOswOUo9yHQ==",
      "requires": {
        "@algolia/autocomplete-core": "1.17.9",
        "@algolia/autocomplete-preset-algolia": "1.17.9",
        "@docsearch/css": "3.9.0",
        "algoliasearch": "^5.14.2"
      }
    },
    "@types/node": {
      "version": "22.13.11",
      "resolved": "https://registry.npmjs.org/@types/node/-/node-22.13.11.tgz",
      "integrity": "sha512-iEUCUJoU0i3VnrCmgoWCXttklWcvoCIx4jzcP22fioIVSdTmjgoEvmAO/QPw6TcS9k5FrNgn4w7q5lGOd1CT5g==",
      "requires": {
        "undici-types": "~6.20.0"
      }
    },
    "algoliasearch": {
      "version": "5.23.4",
      "resolved": "https://registry.npmjs.org/algoliasearch/-/algoliasearch-5.23.4.tgz",
      "integrity": "sha512-QzAKFHl3fm53s44VHrTdEo0TkpL3XVUYQpnZy1r6/EHvMAyIg+O4hwprzlsNmcCHTNyVcF2S13DAUn7XhkC6qg==",
      "requires": {
        "@algolia/client-abtesting": "5.23.4",
        "@algolia/client-analytics": "5.23.4",
        "@algolia/client-common": "5.23.4",
        "@algolia/client-insights": "5.23.4",
        "@algolia/client-personalization": "5.23.4",
        "@algolia/client-query-suggestions": "5.23.4",
        "@algolia/client-search": "5.23.4",
        "@algolia/ingestion": "1.23.4",
        "@algolia/monitoring": "1.23.4",
        "@algolia/recommend": "5.23.4",
        "@algolia/requester-browser-xhr": "5.23.4",
        "@algolia/requester-fetch": "5.23.4",
        "@algolia/requester-node-http": "5.23.4"
      }
    },
    "search-insights": {
      "version": "2.17.3",
      "resolved": "https://registry.npmjs.org/search-insights/-/search-insights-2.17.3.tgz",
      "integrity": "sha512-RQPdCYTa8A68uM2jwxoY842xDhvx3E5LFL1LxvxCNMev4o5mLuokczhzjAgGwUZBAmOKZknArSxLKmXtIi2AxQ==",
      "peer": true
    },
    "undici-types": {
      "version": "6.20.0",
      "resolved": "https://registry.npmjs.org/undici-types/-/undici-types-6.20.0.tgz",
      "integrity": "sha512-Ny6QZ2Nju20vw1SRHe3d9jVu6gJ+4e3+MMpqu7pqE5HT6WsTSlce++GQmK5UXS8mzV8DSYHrQH+Xrf2jVcuKNg=="
    }
  }
}
